
Microsoft Visual Studio Solution File, Format Version 12.00
# Visual Studio Version 17
VisualStudioVersion = 17.0.32112.339
MinimumVisualStudioVersion = 10.0.40219.1
Project("{FAE04EC0-301F-11D3-BF4B-00C04F79EFBC}") = "J3_N01018195", "J3_N01018195\J3_N01018195.csproj", "{CCC6A87E-C399-4AD4-AB45-0911411A42BB}"
EndProject
Global
	GlobalSection(SolutionConfigurationPlatforms) = preSolution
		Debug|Any CPU = Debug|Any CPU
		Release|Any CPU = Release|Any CPU
	EndGlobalSection
	GlobalSection(ProjectConfigurationPlatforms) = postSolution
		{CCC6A87E-C399-4AD4-AB45-0911411A42BB}.Debug|Any CPU.ActiveCfg = Debug|Any CPU
		{CCC6A87E-C399-4AD4-AB45-0911411A42BB}.Debug|Any CPU.Build.0 = Debug|Any CPU
		{CCC6A87E-C399-4AD4-AB45-0911411A42BB}.Release|Any CPU.ActiveCfg = Release|Any CPU
		{CCC6A87E-C399-4AD4-AB45-0911411A42BB}.Release|Any CPU.Build.0 = Release|Any CPU
	EndGlobalSection
	GlobalSection(SolutionProperties) = preSolution
		HideSolutionNode = FALSE
	EndGlobalSection
	GlobalSection(ExtensibilityGlobals) = postSolution
		SolutionGuid = {8A90D328-E406-49FC-A90D-C4EA2470AB11}
	EndGlobalSection
EndGlobal
